
Microsoft Visual Studio Solution File, Format Version 12.00
# Visual Studio 15
VisualStudioVersion = 15.0.26430.16
MinimumVisualStudioVersion = 10.0.40219.1
Project("{FAE04EC0-301F-11D3-BF4B-00C04F79EFBC}") = "wincopy", "wincopy\wincopy.csproj", "{9710959A-FFC0-4B2B-86A7-600F8BACF58A}"
EndProject
Project("{FAE04EC0-301F-11D3-BF4B-00C04F79EFBC}") = "winpaste", "winpaste\winpaste.csproj", "{CC54DF41-5945-4301-8A95-E2092E75843C}"
EndProject
Global
	GlobalSection(SolutionConfigurationPlatforms) = preSolution
		Debug|Any CPU = Debug|Any CPU
		Release|Any CPU = Release|Any CPU
	EndGlobalSection
	GlobalSection(ProjectConfigurationPlatforms) = postSolution
		{9710959A-FFC0-4B2B-86A7-600F8BACF58A}.Debug|Any CPU.ActiveCfg = Debug|Any CPU
		{9710959A-FFC0-4B2B-86A7-600F8BACF58A}.Debug|Any CPU.Build.0 = Debug|Any CPU
		{9710959A-FFC0-4B2B-86A7-600F8BACF58A}.Release|Any CPU.ActiveCfg = Release|Any CPU
		{9710959A-FFC0-4B2B-86A7-600F8BACF58A}.Release|Any CPU.Build.0 = Release|Any CPU
		{CC54DF41-5945-4301-8A95-E2092E75843C}.Debug|Any CPU.ActiveCfg = Debug|Any CPU
		{CC54DF41-5945-4301-8A95-E2092E75843C}.Debug|Any CPU.Build.0 = Debug|Any CPU
		{CC54DF41-5945-4301-8A95-E2092E75843C}.Release|Any CPU.ActiveCfg = Release|Any CPU
		{CC54DF41-5945-4301-8A95-E2092E75843C}.Release|Any CPU.Build.0 = Release|Any CPU
	EndGlobalSection
	GlobalSection(SolutionProperties) = preSolution
		HideSolutionNode = FALSE
	EndGlobalSection
EndGlobal
